// !$*UTF8*$!
{
	archiveVersion = 1;
	classes = {
	};
	objectVersion = 56;
	objects = {

/* Begin PBXBuildFile section */
		17E9A20CA488A705BD001A56 /* FamilyTasksWidgets.appex in Embed Foundation Extensions */ = {isa = PBXBuildFile; fileRef = 8F254A3D5BB9563227948625 /* FamilyTasksWidgets.appex */; settings = {ATTRIBUTES = (RemoveHeadersOnCopy, ); }; };
		26A57217B63A6D03B4F5955C /* ChoresView.swift in Sources */ = {isa = PBXBuildFile; fileRef = DB53E2CCC7AFC0F5493E24C0 /* ChoresView.swift */; };
		2C0A000B2C0A000000000001 /* FamilyTasksApp.swift in Sources */ = {isa = PBXBuildFile; fileRef = 2C0A000A2C0A000000000001 /* FamilyTasksApp.swift */; };
		2C0A000D2C0A000000000001 /* FamilyTask.swift in Sources */ = {isa = PBXBuildFile; fileRef = 2C0A000C2C0A000000000001 /* FamilyTask.swift */; };
		2C0A000F2C0A000000000001 /* TaskStore.swift in Sources */ = {isa = PBXBuildFile; fileRef = 2C0A000E2C0A000000000001 /* TaskStore.swift */; };
		2C0A00112C0A000000000001 /* CalendarSyncService.swift in Sources */ = {isa = PBXBuildFile; fileRef = 2C0A00102C0A000000000001 /* CalendarSyncService.swift */; };
		2C0A00132C0A000000000001 /* FamilySharingService.swift in Sources */ = {isa = PBXBuildFile; fileRef = 2C0A00122C0A000000000001 /* FamilySharingService.swift */; };
		2C0A00152C0A000000000001 /* TaskBoardView.swift in Sources */ = {isa = PBXBuildFile; fileRef = 2C0A00142C0A000000000001 /* TaskBoardView.swift */; };
		2C0A00172C0A000000000001 /* BucketView.swift in Sources */ = {isa = PBXBuildFile; fileRef = 2C0A00162C0A000000000001 /* BucketView.swift */; };
		2C0A00192C0A000000000001 /* TaskCardView.swift in Sources */ = {isa = PBXBuildFile; fileRef = 2C0A00182C0A000000000001 /* TaskCardView.swift */; };
		2C0A001B2C0A000000000001 /* AddTaskView.swift in Sources */ = {isa = PBXBuildFile; fileRef = 2C0A001A2C0A000000000001 /* AddTaskView.swift */; };
		2C0A00312C0A000000000001 /* RootTabView.swift in Sources */ = {isa = PBXBuildFile; fileRef = 2C0A002E2C0A000000000001 /* RootTabView.swift */; };
		2C0A00322C0A000000000001 /* AssigneeAvatarView.swift in Sources */ = {isa = PBXBuildFile; fileRef = 2C0A002F2C0A000000000001 /* AssigneeAvatarView.swift */; };
		2C0A00332C0A000000000001 /* TodayTasksView.swift in Sources */ = {isa = PBXBuildFile; fileRef = 2C0A00302C0A000000000001 /* TodayTasksView.swift */; };
		2C0A00352C0A000000000001 /* FamilyMembersView.swift in Sources */ = {isa = PBXBuildFile; fileRef = 2C0A00342C0A000000000001 /* FamilyMembersView.swift */; };
		2C0A00372C0A000000000001 /* EditTaskView.swift in Sources */ = {isa = PBXBuildFile; fileRef = 2C0A00362C0A000000000001 /* EditTaskView.swift */; };
		2C0A00392C0A000000000001 /* ProfileView.swift in Sources */ = {isa = PBXBuildFile; fileRef = 2C0A00382C0A000000000001 /* ProfileView.swift */; };
		2C0A003B2C0A000000000001 /* Assets.xcassets in Resources */ = {isa = PBXBuildFile; fileRef = 2C0A003A2C0A000000000001 /* Assets.xcassets */; };
		2C0A003D2C0A000000000001 /* ShoppingModels.swift in Sources */ = {isa = PBXBuildFile; fileRef = 2C0A003C2C0A000000000001 /* ShoppingModels.swift */; };
		2C0A003F2C0A000000000001 /* OrganizerStore.swift in Sources */ = {isa = PBXBuildFile; fileRef = 2C0A003E2C0A000000000001 /* OrganizerStore.swift */; };
		2C0A00412C0A000000000001 /* ShoppingView.swift in Sources */ = {isa = PBXBuildFile; fileRef = 2C0A00402C0A000000000001 /* ShoppingView.swift */; };
		2C0A00432C0A000000000001 /* RecurringTasksView.swift in Sources */ = {isa = PBXBuildFile; fileRef = 2C0A00422C0A000000000001 /* RecurringTasksView.swift */; };
		2C0A00452C0A000000000001 /* AppTheme.swift in Sources */ = {isa = PBXBuildFile; fileRef = 2C0A00442C0A000000000001 /* AppTheme.swift */; };
		2C0A00472C0A000000000001 /* PrivacyInfo.xcprivacy in Resources */ = {isa = PBXBuildFile; fileRef = 2C0A00462C0A000000000001 /* PrivacyInfo.xcprivacy */; };
		2C0A00492C0A000000000001 /* MealPlanView.swift in Sources */ = {isa = PBXBuildFile; fileRef = 2C0A00482C0A000000000001 /* MealPlanView.swift */; };
		2C0A004B2C0A000000000001 /* LaunchScreen.storyboard in Resources */ = {isa = PBXBuildFile; fileRef = 2C0A004A2C0A000000000001 /* LaunchScreen.storyboard */; };
		2C0A004C2C0A000000000001 /* ShoppingListIntent.swift in Sources */ = {isa = PBXBuildFile; fileRef = 2C0A004D2C0A000000000001 /* ShoppingListIntent.swift */; };
		2C0A004E2C0A000000000001 /* NotificationScheduler.swift in Sources */ = {isa = PBXBuildFile; fileRef = 2C0A004F2C0A000000000001 /* NotificationScheduler.swift */; };
		2C0A00512C0A000000000001 /* IdeaModels.swift in Sources */ = {isa = PBXBuildFile; fileRef = 2C0A00502C0A000000000001 /* IdeaModels.swift */; };
		2C0A00532C0A000000000001 /* IdeaNotebookView.swift in Sources */ = {isa = PBXBuildFile; fileRef = 2C0A00522C0A000000000001 /* IdeaNotebookView.swift */; };
		2C0A00552C0A000000000001 /* HealthMetricsService.swift in Sources */ = {isa = PBXBuildFile; fileRef = 2C0A00542C0A000000000001 /* HealthMetricsService.swift */; };
		2C0A00572C0A000000000001 /* HealthView.swift in Sources */ = {isa = PBXBuildFile; fileRef = 2C0A00562C0A000000000001 /* HealthView.swift */; };
		2D979702417CCB0C453F7C01 /* Foundation.framework in Frameworks */ = {isa = PBXBuildFile; fileRef = C51423B6E96D10EBE473AD60 /* Foundation.framework */; };
		2DD97B59D957D90DD20C3329 /* TaskIntents.swift in Sources */ = {isa = PBXBuildFile; fileRef = 5EDC30D6C9571B5F9D9D3CFC /* TaskIntents.swift */; };
		30CB59E9CA5C66997CC39F93 /* NotificationTimingTests.swift in Sources */ = {isa = PBXBuildFile; fileRef = 2A13A167718A0EF3814EA4E9 /* NotificationTimingTests.swift */; };
		37B9E1677D74E24B22D3A7DC /* ChoreModels.swift in Sources */ = {isa = PBXBuildFile; fileRef = C817928FC24BEF3835312223 /* ChoreModels.swift */; };
		3A13BD42E01E2675D9D5CFA1 /* IconTile.swift in Sources */ = {isa = PBXBuildFile; fileRef = D62DC77D66754F9AC86E222E /* IconTile.swift */; };
		3DD28E028918977E37FF9148 /* HealthAggregationTests.swift in Sources */ = {isa = PBXBuildFile; fileRef = CF4226E63FDF989D31BEA8BF /* HealthAggregationTests.swift */; };
		441BB0E0F9BAD9779AF2D01F /* WidgetDataTests.swift in Sources */ = {isa = PBXBuildFile; fileRef = 1959E02C60CB8BEF62319D0D /* WidgetDataTests.swift */; };
		56D116660832334365FC31BD /* ChoreStore.swift in Sources */ = {isa = PBXBuildFile; fileRef = AE8CC412E6186E109604CD94 /* ChoreStore.swift */; };
		58575D5FE2A2819E9B667AB9 /* AppShortcuts.swift in Sources */ = {isa = PBXBuildFile; fileRef = 91319003F12F08AE59850B1D /* AppShortcuts.swift */; };
		856BE0EDE794EBF3FA833A20 /* Foundation.framework in Frameworks */ = {isa = PBXBuildFile; fileRef = C51423B6E96D10EBE473AD60 /* Foundation.framework */; };
		8A7D6A75097E58441267258A /* TodayWidget.swift in Sources */ = {isa = PBXBuildFile; fileRef = D0AD9AC5EA77F9FBA94997D1 /* TodayWidget.swift */; };
		A0D6248961D596E2C5FF32D5 /* TaskIntentsTests.swift in Sources */ = {isa = PBXBuildFile; fileRef = 747F46D17D2A6BEB99E04FF4 /* TaskIntentsTests.swift */; };
		A1B2C3D40000000000000002 /* HouseholdRecords.swift in Sources */ = {isa = PBXBuildFile; fileRef = A1B2C3D40000000000000001 /* HouseholdRecords.swift */; };
		A1B2C3D40000000000000004 /* HouseholdRecordsTests.swift in Sources */ = {isa = PBXBuildFile; fileRef = A1B2C3D40000000000000003 /* HouseholdRecordsTests.swift */; };
		A1B2C3D40000000000000006 /* HouseholdSyncEngine.swift in Sources */ = {isa = PBXBuildFile; fileRef = A1B2C3D40000000000000005 /* HouseholdSyncEngine.swift */; };
		A1B2C3D40000000000000008 /* HouseholdSyncEngineTests.swift in Sources */ = {isa = PBXBuildFile; fileRef = A1B2C3D40000000000000007 /* HouseholdSyncEngineTests.swift */; };
		B1C21BB45F89B4FD4287627F /* ModelTests.swift in Sources */ = {isa = PBXBuildFile; fileRef = E612F06E9C75226BD229FC11 /* ModelTests.swift */; };
		B1E2AA5145911A15F49052F0 /* ChoreTests.swift in Sources */ = {isa = PBXBuildFile; fileRef = 2AB649E7E7354FE110CDFCA7 /* ChoreTests.swift */; };
		B6AB9552389A62F1C4E6BBF6 /* WidgetData.swift in Sources */ = {isa = PBXBuildFile; fileRef = 33B236709ED79055EFC132AD /* WidgetData.swift */; };
		B7A8D40ABA07CDF7AF17409F /* WidgetBridge.swift in Sources */ = {isa = PBXBuildFile; fileRef = A5E2990011171453CBC039DF /* WidgetBridge.swift */; };
		BCAFBD55818EE04C0DF7D8BB /* WidgetData.swift in Sources */ = {isa = PBXBuildFile; fileRef = 33B236709ED79055EFC132AD /* WidgetData.swift */; };
		C3C5421C98381E6DD2DE3A19 /* WrappingStack.swift in Sources */ = {isa = PBXBuildFile; fileRef = EC9AE0823AA92C2177793719 /* WrappingStack.swift */; };
		CB2B06C79C39C339685B0128 /* OrganizerStoreTests.swift in Sources */ = {isa = PBXBuildFile; fileRef = 1EE3F1FE8CB9085764096A06 /* OrganizerStoreTests.swift */; };
		D06A7327F1ECEEC7990C61F1 /* SyncMergeTests.swift in Sources */ = {isa = PBXBuildFile; fileRef = 725ABA626AD119FC773FD265 /* SyncMergeTests.swift */; };
		D198952C0F5F93FDAF79F69F /* LocationSearchView.swift in Sources */ = {isa = PBXBuildFile; fileRef = D6685EC41B313E3C8155F5CF /* LocationSearchView.swift */; };
		E49F060B43B3C6BB15701A58 /* ShoppingWidget.swift in Sources */ = {isa = PBXBuildFile; fileRef = 30492DE6FC1049291904840D /* ShoppingWidget.swift */; };
		EC95DD2A0A7C9D283E292BB0 /* WidgetIntents.swift in Sources */ = {isa = PBXBuildFile; fileRef = 761B26379876621A407E3F95 /* WidgetIntents.swift */; };
		FA8D2B4B4381AB6BBF5538F8 /* FamilyTasksWidgetsBundle.swift in Sources */ = {isa = PBXBuildFile; fileRef = CD24FF1E8EE7630C60874D77 /* FamilyTasksWidgetsBundle.swift */; };
		FE238BE5F85C6DD9AC918A84 /* TaskStoreTests.swift in Sources */ = {isa = PBXBuildFile; fileRef = A9EBE4BFD6830D8DA4CF63B5 /* TaskStoreTests.swift */; };
/* End PBXBuildFile section */

/* Begin PBXContainerItemProxy section */
		08B8DA9DCA2BA8E4D41229E0 /* PBXContainerItemProxy */ = {
			isa = PBXContainerItemProxy;
			containerPortal = 2C0A00002C0A000000000001 /* Project object */;
			proxyType = 1;
			remoteGlobalIDString = 67457009923A5EA3C16C33C5;
			remoteInfo = FamilyTasksWidgets;
		};
		4BB863560D912E42627AF1ED /* PBXContainerItemProxy */ = {
			isa = PBXContainerItemProxy;
			containerPortal = 2C0A00002C0A000000000001 /* Project object */;
			proxyType = 1;
			remoteGlobalIDString = 2C0A00052C0A000000000001;
			remoteInfo = FamilyTasks;
		};
/* End PBXContainerItemProxy section */

/* Begin PBXCopyFilesBuildPhase section */
		EB86829733E9C2D29618E073 /* Embed Foundation Extensions */ = {
			isa = PBXCopyFilesBuildPhase;
			buildActionMask = 2147483647;
			dstPath = "";
			dstSubfolderSpec = 13;
			files = (
				17E9A20CA488A705BD001A56 /* FamilyTasksWidgets.appex in Embed Foundation Extensions */,
			);
			name = "Embed Foundation Extensions";
			runOnlyForDeploymentPostprocessing = 0;
		};
/* End PBXCopyFilesBuildPhase section */

/* Begin PBXFileReference section */
		1959E02C60CB8BEF62319D0D /* WidgetDataTests.swift */ = {isa = PBXFileReference; includeInIndex = 1; lastKnownFileType = sourcecode.swift; path = WidgetDataTests.swift; sourceTree = "<group>"; };
		1EE3F1FE8CB9085764096A06 /* OrganizerStoreTests.swift */ = {isa = PBXFileReference; includeInIndex = 1; lastKnownFileType = sourcecode.swift; path = OrganizerStoreTests.swift; sourceTree = "<group>"; };
		2A13A167718A0EF3814EA4E9 /* NotificationTimingTests.swift */ = {isa = PBXFileReference; includeInIndex = 1; lastKnownFileType = sourcecode.swift; path = NotificationTimingTests.swift; sourceTree = "<group>"; };
		2AB649E7E7354FE110CDFCA7 /* ChoreTests.swift */ = {isa = PBXFileReference; includeInIndex = 1; lastKnownFileType = sourcecode.swift; path = ChoreTests.swift; sourceTree = "<group>"; };
		2C0A00072C0A000000000001 /* FamilyTasks.app */ = {isa = PBXFileReference; explicitFileType = wrapper.application; includeInIndex = 0; path = FamilyTasks.app; sourceTree = BUILT_PRODUCTS_DIR; };
		2C0A000A2C0A000000000001 /* FamilyTasksApp.swift */ = {isa = PBXFileReference; lastKnownFileType = sourcecode.swift; path = FamilyTasksApp.swift; sourceTree = "<group>"; };
		2C0A000C2C0A000000000001 /* FamilyTask.swift */ = {isa = PBXFileReference; lastKnownFileType = sourcecode.swift; path = FamilyTask.swift; sourceTree = "<group>"; };
		2C0A000E2C0A000000000001 /* TaskStore.swift */ = {isa = PBXFileReference; lastKnownFileType = sourcecode.swift; path = TaskStore.swift; sourceTree = "<group>"; };
		2C0A00102C0A000000000001 /* CalendarSyncService.swift */ = {isa = PBXFileReference; lastKnownFileType = sourcecode.swift; path = CalendarSyncService.swift; sourceTree = "<group>"; };
		2C0A00122C0A000000000001 /* FamilySharingService.swift */ = {isa = PBXFileReference; lastKnownFileType = sourcecode.swift; path = FamilySharingService.swift; sourceTree = "<group>"; };
		2C0A00142C0A000000000001 /* TaskBoardView.swift */ = {isa = PBXFileReference; lastKnownFileType = sourcecode.swift; path = TaskBoardView.swift; sourceTree = "<group>"; };
		2C0A00162C0A000000000001 /* BucketView.swift */ = {isa = PBXFileReference; lastKnownFileType = sourcecode.swift; path = BucketView.swift; sourceTree = "<group>"; };
		2C0A00182C0A000000000001 /* TaskCardView.swift */ = {isa = PBXFileReference; lastKnownFileType = sourcecode.swift; path = TaskCardView.swift; sourceTree = "<group>"; };
		2C0A001A2C0A000000000001 /* AddTaskView.swift */ = {isa = PBXFileReference; lastKnownFileType = sourcecode.swift; path = AddTaskView.swift; sourceTree = "<group>"; };
		2C0A001C2C0A000000000001 /* Info.plist */ = {isa = PBXFileReference; lastKnownFileType = text.plist.xml; path = Info.plist; sourceTree = "<group>"; };
		2C0A001D2C0A000000000001 /* FamilyTasks.entitlements */ = {isa = PBXFileReference; lastKnownFileType = text.plist.entitlements; path = FamilyTasks.entitlements; sourceTree = "<group>"; };
		2C0A001E2C0A000000000001 /* README.md */ = {isa = PBXFileReference; lastKnownFileType = net.daringfireball.markdown; path = README.md; sourceTree = "<group>"; };
		2C0A002E2C0A000000000001 /* RootTabView.swift */ = {isa = PBXFileReference; lastKnownFileType = sourcecode.swift; path = RootTabView.swift; sourceTree = "<group>"; };
		2C0A002F2C0A000000000001 /* AssigneeAvatarView.swift */ = {isa = PBXFileReference; lastKnownFileType = sourcecode.swift; path = AssigneeAvatarView.swift; sourceTree = "<group>"; };
		2C0A00302C0A000000000001 /* TodayTasksView.swift */ = {isa = PBXFileReference; lastKnownFileType = sourcecode.swift; path = TodayTasksView.swift; sourceTree = "<group>"; };
		2C0A00342C0A000000000001 /* FamilyMembersView.swift */ = {isa = PBXFileReference; lastKnownFileType = sourcecode.swift; path = FamilyMembersView.swift; sourceTree = "<group>"; };
		2C0A00362C0A000000000001 /* EditTaskView.swift */ = {isa = PBXFileReference; lastKnownFileType = sourcecode.swift; path = EditTaskView.swift; sourceTree = "<group>"; };
		2C0A00382C0A000000000001 /* ProfileView.swift */ = {isa = PBXFileReference; lastKnownFileType = sourcecode.swift; path = ProfileView.swift; sourceTree = "<group>"; };
		2C0A003A2C0A000000000001 /* Assets.xcassets */ = {isa = PBXFileReference; lastKnownFileType = folder.assetcatalog; path = Assets.xcassets; sourceTree = "<group>"; };
		2C0A003C2C0A000000000001 /* ShoppingModels.swift */ = {isa = PBXFileReference; lastKnownFileType = sourcecode.swift; path = ShoppingModels.swift; sourceTree = "<group>"; };
		2C0A003E2C0A000000000001 /* OrganizerStore.swift */ = {isa = PBXFileReference; lastKnownFileType = sourcecode.swift; path = OrganizerStore.swift; sourceTree = "<group>"; };
		2C0A00402C0A000000000001 /* ShoppingView.swift */ = {isa = PBXFileReference; lastKnownFileType = sourcecode.swift; path = ShoppingView.swift; sourceTree = "<group>"; };
		2C0A00422C0A000000000001 /* RecurringTasksView.swift */ = {isa = PBXFileReference; lastKnownFileType = sourcecode.swift; path = RecurringTasksView.swift; sourceTree = "<group>"; };
		2C0A00442C0A000000000001 /* AppTheme.swift */ = {isa = PBXFileReference; lastKnownFileType = sourcecode.swift; path = AppTheme.swift; sourceTree = "<group>"; };
		2C0A00462C0A000000000001 /* PrivacyInfo.xcprivacy */ = {isa = PBXFileReference; lastKnownFileType = text.xml; path = PrivacyInfo.xcprivacy; sourceTree = "<group>"; };
		2C0A00482C0A000000000001 /* MealPlanView.swift */ = {isa = PBXFileReference; lastKnownFileType = sourcecode.swift; path = MealPlanView.swift; sourceTree = "<group>"; };
		2C0A004A2C0A000000000001 /* LaunchScreen.storyboard */ = {isa = PBXFileReference; lastKnownFileType = file.storyboard; path = LaunchScreen.storyboard; sourceTree = "<group>"; };
		2C0A004D2C0A000000000001 /* ShoppingListIntent.swift */ = {isa = PBXFileReference; lastKnownFileType = sourcecode.swift; path = ShoppingListIntent.swift; sourceTree = "<group>"; };
		2C0A004F2C0A000000000001 /* NotificationScheduler.swift */ = {isa = PBXFileReference; lastKnownFileType = sourcecode.swift; path = NotificationScheduler.swift; sourceTree = "<group>"; };
		2C0A00502C0A000000000001 /* IdeaModels.swift */ = {isa = PBXFileReference; lastKnownFileType = sourcecode.swift; path = IdeaModels.swift; sourceTree = "<group>"; };
		2C0A00522C0A000000000001 /* IdeaNotebookView.swift */ = {isa = PBXFileReference; lastKnownFileType = sourcecode.swift; path = IdeaNotebookView.swift; sourceTree = "<group>"; };
		2C0A00542C0A000000000001 /* HealthMetricsService.swift */ = {isa = PBXFileReference; lastKnownFileType = sourcecode.swift; path = HealthMetricsService.swift; sourceTree = "<group>"; };
		2C0A00562C0A000000000001 /* HealthView.swift */ = {isa = PBXFileReference; lastKnownFileType = sourcecode.swift; path = HealthView.swift; sourceTree = "<group>"; };
		30492DE6FC1049291904840D /* ShoppingWidget.swift */ = {isa = PBXFileReference; includeInIndex = 1; lastKnownFileType = sourcecode.swift; path = ShoppingWidget.swift; sourceTree = "<group>"; };
		33B236709ED79055EFC132AD /* WidgetData.swift */ = {isa = PBXFileReference; includeInIndex = 1; lastKnownFileType = sourcecode.swift; path = WidgetData.swift; sourceTree = "<group>"; };
		38838F69E4D0761A7610CF61 /* FamilyTasksTests.xctest */ = {isa = PBXFileReference; explicitFileType = wrapper.cfbundle; includeInIndex = 0; path = FamilyTasksTests.xctest; sourceTree = BUILT_PRODUCTS_DIR; };
		5EDC30D6C9571B5F9D9D3CFC /* TaskIntents.swift */ = {isa = PBXFileReference; includeInIndex = 1; lastKnownFileType = sourcecode.swift; path = TaskIntents.swift; sourceTree = "<group>"; };
		5F9A5C2AF95CCEBDA865F6B7 /* FamilyTasksWidgets.entitlements */ = {isa = PBXFileReference; includeInIndex = 1; lastKnownFileType = text.plist.entitlements; path = FamilyTasksWidgets.entitlements; sourceTree = "<group>"; };
		725ABA626AD119FC773FD265 /* SyncMergeTests.swift */ = {isa = PBXFileReference; includeInIndex = 1; lastKnownFileType = sourcecode.swift; path = SyncMergeTests.swift; sourceTree = "<group>"; };
		747F46D17D2A6BEB99E04FF4 /* TaskIntentsTests.swift */ = {isa = PBXFileReference; includeInIndex = 1; lastKnownFileType = sourcecode.swift; path = TaskIntentsTests.swift; sourceTree = "<group>"; };
		761B26379876621A407E3F95 /* WidgetIntents.swift */ = {isa = PBXFileReference; includeInIndex = 1; lastKnownFileType = sourcecode.swift; path = WidgetIntents.swift; sourceTree = "<group>"; };
		8F254A3D5BB9563227948625 /* FamilyTasksWidgets.appex */ = {isa = PBXFileReference; explicitFileType = "wrapper.app-extension"; includeInIndex = 0; path = FamilyTasksWidgets.appex; sourceTree = BUILT_PRODUCTS_DIR; };
		91319003F12F08AE59850B1D /* AppShortcuts.swift */ = {isa = PBXFileReference; includeInIndex = 1; lastKnownFileType = sourcecode.swift; path = AppShortcuts.swift; sourceTree = "<group>"; };
		A1B2C3D40000000000000001 /* HouseholdRecords.swift */ = {isa = PBXFileReference; lastKnownFileType = sourcecode.swift; path = HouseholdRecords.swift; sourceTree = "<group>"; };
		A1B2C3D40000000000000003 /* HouseholdRecordsTests.swift */ = {isa = PBXFileReference; includeInIndex = 1; lastKnownFileType = sourcecode.swift; path = HouseholdRecordsTests.swift; sourceTree = "<group>"; };
		A1B2C3D40000000000000005 /* HouseholdSyncEngine.swift */ = {isa = PBXFileReference; lastKnownFileType = sourcecode.swift; path = HouseholdSyncEngine.swift; sourceTree = "<group>"; };
		A1B2C3D40000000000000007 /* HouseholdSyncEngineTests.swift */ = {isa = PBXFileReference; includeInIndex = 1; lastKnownFileType = sourcecode.swift; path = HouseholdSyncEngineTests.swift; sourceTree = "<group>"; };
		A5E2990011171453CBC039DF /* WidgetBridge.swift */ = {isa = PBXFileReference; includeInIndex = 1; lastKnownFileType = sourcecode.swift; path = WidgetBridge.swift; sourceTree = "<group>"; };
		A9EBE4BFD6830D8DA4CF63B5 /* TaskStoreTests.swift */ = {isa = PBXFileReference; includeInIndex = 1; lastKnownFileType = sourcecode.swift; path = TaskStoreTests.swift; sourceTree = "<group>"; };
		AE8CC412E6186E109604CD94 /* ChoreStore.swift */ = {isa = PBXFileReference; includeInIndex = 1; lastKnownFileType = sourcecode.swift; path = ChoreStore.swift; sourceTree = "<group>"; };
		C51423B6E96D10EBE473AD60 /* Foundation.framework */ = {isa = PBXFileReference; lastKnownFileType = wrapper.framework; name = Foundation.framework; path = Platforms/iPhoneOS.platform/Developer/SDKs/iPhoneOS18.0.sdk/System/Library/Frameworks/Foundation.framework; sourceTree = DEVELOPER_DIR; };
		C817928FC24BEF3835312223 /* ChoreModels.swift */ = {isa = PBXFileReference; includeInIndex = 1; lastKnownFileType = sourcecode.swift; path = ChoreModels.swift; sourceTree = "<group>"; };
		CD24FF1E8EE7630C60874D77 /* FamilyTasksWidgetsBundle.swift */ = {isa = PBXFileReference; includeInIndex = 1; lastKnownFileType = sourcecode.swift; path = FamilyTasksWidgetsBundle.swift; sourceTree = "<group>"; };
		CF4226E63FDF989D31BEA8BF /* HealthAggregationTests.swift */ = {isa = PBXFileReference; includeInIndex = 1; lastKnownFileType = sourcecode.swift; path = HealthAggregationTests.swift; sourceTree = "<group>"; };
		D0AD9AC5EA77F9FBA94997D1 /* TodayWidget.swift */ = {isa = PBXFileReference; includeInIndex = 1; lastKnownFileType = sourcecode.swift; path = TodayWidget.swift; sourceTree = "<group>"; };
		D62DC77D66754F9AC86E222E /* IconTile.swift */ = {isa = PBXFileReference; includeInIndex = 1; lastKnownFileType = sourcecode.swift; path = IconTile.swift; sourceTree = "<group>"; };
		D6685EC41B313E3C8155F5CF /* LocationSearchView.swift */ = {isa = PBXFileReference; includeInIndex = 1; lastKnownFileType = sourcecode.swift; path = LocationSearchView.swift; sourceTree = "<group>"; };
		DB53E2CCC7AFC0F5493E24C0 /* ChoresView.swift */ = {isa = PBXFileReference; includeInIndex = 1; lastKnownFileType = sourcecode.swift; path = ChoresView.swift; sourceTree = "<group>"; };
		DBF42F5D8704345FA15A373D /* Info.plist */ = {isa = PBXFileReference; includeInIndex = 1; lastKnownFileType = text.plist.xml; path = Info.plist; sourceTree = "<group>"; };
		E612F06E9C75226BD229FC11 /* ModelTests.swift */ = {isa = PBXFileReference; includeInIndex = 1; lastKnownFileType = sourcecode.swift; path = ModelTests.swift; sourceTree = "<group>"; };
		EC9AE0823AA92C2177793719 /* WrappingStack.swift */ = {isa = PBXFileReference; includeInIndex = 1; lastKnownFileType = sourcecode.swift; path = WrappingStack.swift; sourceTree = "<group>"; };
/* End PBXFileReference section */

/* Begin PBXFrameworksBuildPhase section */
		2C0A00042C0A000000000001 /* Frameworks */ = {
			isa = PBXFrameworksBuildPhase;
			buildActionMask = 2147483647;
			files = (
			);
			runOnlyForDeploymentPostprocessing = 0;
		};
		8A69D2D0D398AB3C9992FCF1 /* Frameworks */ = {
			isa = PBXFrameworksBuildPhase;
			buildActionMask = 2147483647;
			files = (
				856BE0EDE794EBF3FA833A20 /* Foundation.framework in Frameworks */,
			);
			runOnlyForDeploymentPostprocessing = 0;
		};
		8CF094EB8DB21BDF51D04425 /* Frameworks */ = {
			isa = PBXFrameworksBuildPhase;
			buildActionMask = 2147483647;
			files = (
				2D979702417CCB0C453F7C01 /* Foundation.framework in Frameworks */,
			);
			runOnlyForDeploymentPostprocessing = 0;
		};
/* End PBXFrameworksBuildPhase section */

/* Begin PBXGroup section */
		2C0A00012C0A000000000001 = {
			isa = PBXGroup;
			children = (
				2C0A00082C0A000000000001 /* FamilyTasks */,
				2C0A00062C0A000000000001 /* Products */,
				8DBE0BC2DA404646A9A142E1 /* Frameworks */,
				E9233FFEB763DFDCD44D0D0F /* FamilyTasksTests */,
				DE6B91E67F3775BA39975369 /* FamilyTasksWidgets */,
			);
			sourceTree = "<group>";
		};
		2C0A00062C0A000000000001 /* Products */ = {
			isa = PBXGroup;
			children = (
				2C0A00072C0A000000000001 /* FamilyTasks.app */,
				38838F69E4D0761A7610CF61 /* FamilyTasksTests.xctest */,
				8F254A3D5BB9563227948625 /* FamilyTasksWidgets.appex */,
			);
			name = Products;
			sourceTree = "<group>";
		};
		2C0A00082C0A000000000001 /* FamilyTasks */ = {
			isa = PBXGroup;
			children = (
				2C0A000A2C0A000000000001 /* FamilyTasksApp.swift */,
				2C0A001F2C0A000000000001 /* Models */,
				2C0A00202C0A000000000001 /* Stores */,
				2C0A00212C0A000000000001 /* Services */,
				2C0A00222C0A000000000001 /* Views */,
				2C0A003A2C0A000000000001 /* Assets.xcassets */,
				2C0A004A2C0A000000000001 /* LaunchScreen.storyboard */,
				2C0A001C2C0A000000000001 /* Info.plist */,
				2C0A001D2C0A000000000001 /* FamilyTasks.entitlements */,
				2C0A00462C0A000000000001 /* PrivacyInfo.xcprivacy */,
				2C0A001E2C0A000000000001 /* README.md */,
			);
			path = FamilyTasks;
			sourceTree = "<group>";
		};
		2C0A001F2C0A000000000001 /* Models */ = {
			isa = PBXGroup;
			children = (
				2C0A000C2C0A000000000001 /* FamilyTask.swift */,
				2C0A00502C0A000000000001 /* IdeaModels.swift */,
				2C0A003C2C0A000000000001 /* ShoppingModels.swift */,
				C817928FC24BEF3835312223 /* ChoreModels.swift */,
			);
			path = Models;
			sourceTree = "<group>";
		};
		2C0A00202C0A000000000001 /* Stores */ = {
			isa = PBXGroup;
			children = (
				2C0A000E2C0A000000000001 /* TaskStore.swift */,
				2C0A003E2C0A000000000001 /* OrganizerStore.swift */,
				AE8CC412E6186E109604CD94 /* ChoreStore.swift */,
			);
			path = Stores;
			sourceTree = "<group>";
		};
		2C0A00212C0A000000000001 /* Services */ = {
			isa = PBXGroup;
			children = (
				2C0A00102C0A000000000001 /* CalendarSyncService.swift */,
				2C0A00122C0A000000000001 /* FamilySharingService.swift */,
				A1B2C3D40000000000000001 /* HouseholdRecords.swift */,
				A1B2C3D40000000000000005 /* HouseholdSyncEngine.swift */,
				2C0A00542C0A000000000001 /* HealthMetricsService.swift */,
				2C0A004F2C0A000000000001 /* NotificationScheduler.swift */,
				2C0A004D2C0A000000000001 /* ShoppingListIntent.swift */,
				33B236709ED79055EFC132AD /* WidgetData.swift */,
				A5E2990011171453CBC039DF /* WidgetBridge.swift */,
				5EDC30D6C9571B5F9D9D3CFC /* TaskIntents.swift */,
				91319003F12F08AE59850B1D /* AppShortcuts.swift */,
			);
			path = Services;
			sourceTree = "<group>";
		};
		2C0A00222C0A000000000001 /* Views */ = {
			isa = PBXGroup;
			children = (
				2C0A00442C0A000000000001 /* AppTheme.swift */,
				2C0A002E2C0A000000000001 /* RootTabView.swift */,
				2C0A00302C0A000000000001 /* TodayTasksView.swift */,
				2C0A00382C0A000000000001 /* ProfileView.swift */,
				2C0A00342C0A000000000001 /* FamilyMembersView.swift */,
				2C0A00402C0A000000000001 /* ShoppingView.swift */,
				2C0A00482C0A000000000001 /* MealPlanView.swift */,
				2C0A00422C0A000000000001 /* RecurringTasksView.swift */,
				2C0A00522C0A000000000001 /* IdeaNotebookView.swift */,
				2C0A00562C0A000000000001 /* HealthView.swift */,
				2C0A002F2C0A000000000001 /* AssigneeAvatarView.swift */,
				2C0A00142C0A000000000001 /* TaskBoardView.swift */,
				2C0A00162C0A000000000001 /* BucketView.swift */,
				2C0A00182C0A000000000001 /* TaskCardView.swift */,
				2C0A001A2C0A000000000001 /* AddTaskView.swift */,
				2C0A00362C0A000000000001 /* EditTaskView.swift */,
				DB53E2CCC7AFC0F5493E24C0 /* ChoresView.swift */,
				EC9AE0823AA92C2177793719 /* WrappingStack.swift */,
				D62DC77D66754F9AC86E222E /* IconTile.swift */,
				D6685EC41B313E3C8155F5CF /* LocationSearchView.swift */,
			);
			path = Views;
			sourceTree = "<group>";
		};
		8DBE0BC2DA404646A9A142E1 /* Frameworks */ = {
			isa = PBXGroup;
			children = (
				F546D86D4DED9459A8605F13 /* iOS */,
			);
			name = Frameworks;
			sourceTree = "<group>";
		};
		DE6B91E67F3775BA39975369 /* FamilyTasksWidgets */ = {
			isa = PBXGroup;
			children = (
				CD24FF1E8EE7630C60874D77 /* FamilyTasksWidgetsBundle.swift */,
				D0AD9AC5EA77F9FBA94997D1 /* TodayWidget.swift */,
				30492DE6FC1049291904840D /* ShoppingWidget.swift */,
				761B26379876621A407E3F95 /* WidgetIntents.swift */,
				DBF42F5D8704345FA15A373D /* Info.plist */,
				5F9A5C2AF95CCEBDA865F6B7 /* FamilyTasksWidgets.entitlements */,
			);
			name = FamilyTasksWidgets;
			path = FamilyTasksWidgets;
			sourceTree = "<group>";
		};
		E9233FFEB763DFDCD44D0D0F /* FamilyTasksTests */ = {
			isa = PBXGroup;
			children = (
				CF4226E63FDF989D31BEA8BF /* HealthAggregationTests.swift */,
				E612F06E9C75226BD229FC11 /* ModelTests.swift */,
				2A13A167718A0EF3814EA4E9 /* NotificationTimingTests.swift */,
				1EE3F1FE8CB9085764096A06 /* OrganizerStoreTests.swift */,
				725ABA626AD119FC773FD265 /* SyncMergeTests.swift */,
				A1B2C3D40000000000000003 /* HouseholdRecordsTests.swift */,
				A1B2C3D40000000000000007 /* HouseholdSyncEngineTests.swift */,
				A9EBE4BFD6830D8DA4CF63B5 /* TaskStoreTests.swift */,
				1959E02C60CB8BEF62319D0D /* WidgetDataTests.swift */,
				747F46D17D2A6BEB99E04FF4 /* TaskIntentsTests.swift */,
				2AB649E7E7354FE110CDFCA7 /* ChoreTests.swift */,
			);
			path = FamilyTasksTests;
			sourceTree = "<group>";
		};
		F546D86D4DED9459A8605F13 /* iOS */ = {
			isa = PBXGroup;
			children = (
				C51423B6E96D10EBE473AD60 /* Foundation.framework */,
			);
			name = iOS;
			sourceTree = "<group>";
		};
/* End PBXGroup section */

/* Begin PBXNativeTarget section */
		0362F5FDB22B82E9A2F51457 /* FamilyTasksTests */ = {
			isa = PBXNativeTarget;
			buildConfigurationList = 7BB09F74E38B4CEA745A7EC1 /* Build configuration list for PBXNativeTarget "FamilyTasksTests" */;
			buildPhases = (
				A9556F24209A2B2285D15190 /* Sources */,
				8A69D2D0D398AB3C9992FCF1 /* Frameworks */,
				9D461A17159E44F4760C8E1C /* Resources */,
			);
			buildRules = (
			);
			dependencies = (
				164BE09DF99FD2B744E8E155 /* PBXTargetDependency */,
			);
			name = FamilyTasksTests;
			productName = FamilyTasksTests;
			productReference = 38838F69E4D0761A7610CF61 /* FamilyTasksTests.xctest */;
			productType = "com.apple.product-type.bundle.unit-test";
		};
		2C0A00052C0A000000000001 /* FamilyTasks */ = {
			isa = PBXNativeTarget;
			buildConfigurationList = 2C0A002B2C0A000000000001 /* Build configuration list for PBXNativeTarget "FamilyTasks" */;
			buildPhases = (
				2C0A00032C0A000000000001 /* Sources */,
				2C0A00042C0A000000000001 /* Frameworks */,
				2C0A00232C0A000000000001 /* Resources */,
				EB86829733E9C2D29618E073 /* Embed Foundation Extensions */,
			);
			buildRules = (
			);
			dependencies = (
				60F87CAD59B8C7438C2BF02E /* PBXTargetDependency */,
			);
			name = FamilyTasks;
			productName = FamilyTasks;
			productReference = 2C0A00072C0A000000000001 /* FamilyTasks.app */;
			productType = "com.apple.product-type.application";
		};
		67457009923A5EA3C16C33C5 /* FamilyTasksWidgets */ = {
			isa = PBXNativeTarget;
			buildConfigurationList = CF6C60CF291854DE4DB09080 /* Build configuration list for PBXNativeTarget "FamilyTasksWidgets" */;
			buildPhases = (
				450E132208CE2E46A8C907E2 /* Sources */,
				8CF094EB8DB21BDF51D04425 /* Frameworks */,
				2ADCE5CF11C725BAE3D21933 /* Resources */,
			);
			buildRules = (
			);
			dependencies = (
			);
			name = FamilyTasksWidgets;
			productName = FamilyTasksWidgets;
			productReference = 8F254A3D5BB9563227948625 /* FamilyTasksWidgets.appex */;
			productType = "com.apple.product-type.app-extension";
		};
/* End PBXNativeTarget section */

/* Begin PBXProject section */
		2C0A00002C0A000000000001 /* Project object */ = {
			isa = PBXProject;
			attributes = {
				BuildIndependentTargetsInParallel = 1;
				LastSwiftUpdateCheck = 1540;
				LastUpgradeCheck = 1540;
				TargetAttributes = {
					2C0A00052C0A000000000001 = {
						CreatedOnToolsVersion = 15.4;
					};
				};
			};
			buildConfigurationList = 2C0A00022C0A000000000001 /* Build configuration list for PBXProject "FamilyTasks" */;
			compatibilityVersion = "Xcode 14.0";
			developmentRegion = en;
			hasScannedForEncodings = 0;
			knownRegions = (
				en,
				Base,
			);
			mainGroup = 2C0A00012C0A000000000001;
			productRefGroup = 2C0A00062C0A000000000001 /* Products */;
			projectDirPath = "";
			projectRoot = "";
			targets = (
				2C0A00052C0A000000000001 /* FamilyTasks */,
				0362F5FDB22B82E9A2F51457 /* FamilyTasksTests */,
				67457009923A5EA3C16C33C5 /* FamilyTasksWidgets */,
			);
		};
/* End PBXProject section */

/* Begin PBXResourcesBuildPhase section */
		2ADCE5CF11C725BAE3D21933 /* Resources */ = {
			isa = PBXResourcesBuildPhase;
			buildActionMask = 2147483647;
			files = (
			);
			runOnlyForDeploymentPostprocessing = 0;
		};
		2C0A00232C0A000000000001 /* Resources */ = {
			isa = PBXResourcesBuildPhase;
			buildActionMask = 2147483647;
			files = (
				2C0A003B2C0A000000000001 /* Assets.xcassets in Resources */,
				2C0A004B2C0A000000000001 /* LaunchScreen.storyboard in Resources */,
				2C0A00472C0A000000000001 /* PrivacyInfo.xcprivacy in Resources */,
			);
			runOnlyForDeploymentPostprocessing = 0;
		};
		9D461A17159E44F4760C8E1C /* Resources */ = {
			isa = PBXResourcesBuildPhase;
			buildActionMask = 2147483647;
			files = (
			);
			runOnlyForDeploymentPostprocessing = 0;
		};
/* End PBXResourcesBuildPhase section */

/* Begin PBXSourcesBuildPhase section */
		2C0A00032C0A000000000001 /* Sources */ = {
			isa = PBXSourcesBuildPhase;
			buildActionMask = 2147483647;
			files = (
				2C0A001B2C0A000000000001 /* AddTaskView.swift in Sources */,
				2C0A00512C0A000000000001 /* IdeaModels.swift in Sources */,
				2C0A00532C0A000000000001 /* IdeaNotebookView.swift in Sources */,
				2C0A00552C0A000000000001 /* HealthMetricsService.swift in Sources */,
				2C0A00572C0A000000000001 /* HealthView.swift in Sources */,
				2C0A00172C0A000000000001 /* BucketView.swift in Sources */,
				2C0A00112C0A000000000001 /* CalendarSyncService.swift in Sources */,
				2C0A000D2C0A000000000001 /* FamilyTask.swift in Sources */,
				2C0A00132C0A000000000001 /* FamilySharingService.swift in Sources */,
				A1B2C3D40000000000000002 /* HouseholdRecords.swift in Sources */,
				A1B2C3D40000000000000006 /* HouseholdSyncEngine.swift in Sources */,
				2C0A004E2C0A000000000001 /* NotificationScheduler.swift in Sources */,
				2C0A000B2C0A000000000001 /* FamilyTasksApp.swift in Sources */,
				2C0A00152C0A000000000001 /* TaskBoardView.swift in Sources */,
				2C0A00192C0A000000000001 /* TaskCardView.swift in Sources */,
				2C0A000F2C0A000000000001 /* TaskStore.swift in Sources */,
				2C0A00312C0A000000000001 /* RootTabView.swift in Sources */,
				2C0A00322C0A000000000001 /* AssigneeAvatarView.swift in Sources */,
				2C0A00332C0A000000000001 /* TodayTasksView.swift in Sources */,
				2C0A00352C0A000000000001 /* FamilyMembersView.swift in Sources */,
				2C0A00372C0A000000000001 /* EditTaskView.swift in Sources */,
				2C0A00392C0A000000000001 /* ProfileView.swift in Sources */,
				2C0A003D2C0A000000000001 /* ShoppingModels.swift in Sources */,
				2C0A003F2C0A000000000001 /* OrganizerStore.swift in Sources */,
				2C0A00412C0A000000000001 /* ShoppingView.swift in Sources */,
				2C0A00492C0A000000000001 /* MealPlanView.swift in Sources */,
				2C0A004C2C0A000000000001 /* ShoppingListIntent.swift in Sources */,
				2C0A00432C0A000000000001 /* RecurringTasksView.swift in Sources */,
				2C0A00452C0A000000000001 /* AppTheme.swift in Sources */,
				BCAFBD55818EE04C0DF7D8BB /* WidgetData.swift in Sources */,
				B7A8D40ABA07CDF7AF17409F /* WidgetBridge.swift in Sources */,
				2DD97B59D957D90DD20C3329 /* TaskIntents.swift in Sources */,
				58575D5FE2A2819E9B667AB9 /* AppShortcuts.swift in Sources */,
				37B9E1677D74E24B22D3A7DC /* ChoreModels.swift in Sources */,
				56D116660832334365FC31BD /* ChoreStore.swift in Sources */,
				26A57217B63A6D03B4F5955C /* ChoresView.swift in Sources */,
				C3C5421C98381E6DD2DE3A19 /* WrappingStack.swift in Sources */,
				3A13BD42E01E2675D9D5CFA1 /* IconTile.swift in Sources */,
				D198952C0F5F93FDAF79F69F /* LocationSearchView.swift in Sources */,
			);
			runOnlyForDeploymentPostprocessing = 0;
		};
		450E132208CE2E46A8C907E2 /* Sources */ = {
			isa = PBXSourcesBuildPhase;
			buildActionMask = 2147483647;
			files = (
				FA8D2B4B4381AB6BBF5538F8 /* FamilyTasksWidgetsBundle.swift in Sources */,
				8A7D6A75097E58441267258A /* TodayWidget.swift in Sources */,
				E49F060B43B3C6BB15701A58 /* ShoppingWidget.swift in Sources */,
				EC95DD2A0A7C9D283E292BB0 /* WidgetIntents.swift in Sources */,
				B6AB9552389A62F1C4E6BBF6 /* WidgetData.swift in Sources */,
			);
			runOnlyForDeploymentPostprocessing = 0;
		};
		A9556F24209A2B2285D15190 /* Sources */ = {
			isa = PBXSourcesBuildPhase;
			buildActionMask = 2147483647;
			files = (
				3DD28E028918977E37FF9148 /* HealthAggregationTests.swift in Sources */,
				B1C21BB45F89B4FD4287627F /* ModelTests.swift in Sources */,
				30CB59E9CA5C66997CC39F93 /* NotificationTimingTests.swift in Sources */,
				CB2B06C79C39C339685B0128 /* OrganizerStoreTests.swift in Sources */,
				D06A7327F1ECEEC7990C61F1 /* SyncMergeTests.swift in Sources */,
				A1B2C3D40000000000000004 /* HouseholdRecordsTests.swift in Sources */,
				A1B2C3D40000000000000008 /* HouseholdSyncEngineTests.swift in Sources */,
				FE238BE5F85C6DD9AC918A84 /* TaskStoreTests.swift in Sources */,
				441BB0E0F9BAD9779AF2D01F /* WidgetDataTests.swift in Sources */,
				A0D6248961D596E2C5FF32D5 /* TaskIntentsTests.swift in Sources */,
				B1E2AA5145911A15F49052F0 /* ChoreTests.swift in Sources */,
			);
			runOnlyForDeploymentPostprocessing = 0;
		};
/* End PBXSourcesBuildPhase section */

/* Begin PBXTargetDependency section */
		164BE09DF99FD2B744E8E155 /* PBXTargetDependency */ = {
			isa = PBXTargetDependency;
			name = FamilyTasks;
			target = 2C0A00052C0A000000000001 /* FamilyTasks */;
			targetProxy = 4BB863560D912E42627AF1ED /* PBXContainerItemProxy */;
		};
		60F87CAD59B8C7438C2BF02E /* PBXTargetDependency */ = {
			isa = PBXTargetDependency;
			name = FamilyTasksWidgets;
			target = 67457009923A5EA3C16C33C5 /* FamilyTasksWidgets */;
			targetProxy = 08B8DA9DCA2BA8E4D41229E0 /* PBXContainerItemProxy */;
		};
/* End PBXTargetDependency section */

/* Begin XCBuildConfiguration section */
		00099655D8FFDAE99305252C /* Release */ = {
			isa = XCBuildConfiguration;
			buildSettings = {
				CLANG_ENABLE_OBJC_WEAK = NO;
				CODE_SIGN_ENTITLEMENTS = FamilyTasksWidgets/FamilyTasksWidgets.entitlements;
				CODE_SIGN_STYLE = Automatic;
				DEVELOPMENT_TEAM = 2X5AKN2Y8P;
				GENERATE_INFOPLIST_FILE = YES;
				INFOPLIST_FILE = FamilyTasksWidgets/Info.plist;
				INFOPLIST_KEY_CFBundleDisplayName = "Family Tasks";
				IPHONEOS_DEPLOYMENT_TARGET = 17.0;
				LD_RUNPATH_SEARCH_PATHS = (
					"$(inherited)",
					"@executable_path/Frameworks",
					"@executable_path/../../Frameworks",
				);
				PRODUCT_BUNDLE_IDENTIFIER = com.naveenkeerthy.FamilyTasks.Widgets;
				PRODUCT_NAME = "$(TARGET_NAME)";
				SDKROOT = iphoneos;
				SKIP_INSTALL = YES;
				SUPPORTED_PLATFORMS = "iphoneos iphonesimulator";
				SUPPORTS_MACCATALYST = NO;
				SWIFT_EMIT_LOC_STRINGS = YES;
				SWIFT_VERSION = 6.0;
				TARGETED_DEVICE_FAMILY = 1;
				VALIDATE_PRODUCT = YES;
			};
			name = Release;
		};
		2C0A00242C0A000000000001 /* Debug */ = {
			isa = XCBuildConfiguration;
			buildSettings = {
				ALWAYS_SEARCH_USER_PATHS = NO;
				CLANG_ANALYZER_NONNULL = YES;
				CLANG_ANALYZER_NUMBER_OBJECT_CONVERSION = YES_AGGRESSIVE;
				CLANG_CXX_LANGUAGE_STANDARD = "gnu++20";
				CLANG_ENABLE_MODULES = YES;
				CLANG_ENABLE_OBJC_ARC = YES;
				CLANG_ENABLE_OBJC_WEAK = YES;
				CLANG_WARN_BLOCK_CAPTURE_AUTORELEASING = YES;
				CLANG_WARN_BOOL_CONVERSION = YES;
				CLANG_WARN_COMMA = YES;
				CLANG_WARN_CONSTANT_CONVERSION = YES;
				CLANG_WARN_DEPRECATED_OBJC_IMPLEMENTATIONS = YES;
				CLANG_WARN_DIRECT_OBJC_ISA_USAGE = YES_ERROR;
				CLANG_WARN_DOCUMENTATION_COMMENTS = YES;
				CLANG_WARN_EMPTY_BODY = YES;
				CLANG_WARN_ENUM_CONVERSION = YES;
				CLANG_WARN_INFINITE_RECURSION = YES;
				CLANG_WARN_INT_CONVERSION = YES;
				CLANG_WARN_NON_LITERAL_NULL_CONVERSION = YES;
				CLANG_WARN_OBJC_IMPLICIT_RETAIN_SELF = YES;
				CLANG_WARN_OBJC_LITERAL_CONVERSION = YES;
				CLANG_WARN_OBJC_ROOT_CLASS = YES_ERROR;
				CLANG_WARN_QUOTED_INCLUDE_IN_FRAMEWORK_HEADER = YES;
				CLANG_WARN_RANGE_LOOP_ANALYSIS = YES;
				CLANG_WARN_STRICT_PROTOTYPES = YES;
				CLANG_WARN_SUSPICIOUS_MOVE = YES;
				CLANG_WARN_UNGUARDED_AVAILABILITY = YES_AGGRESSIVE;
				CLANG_WARN_UNREACHABLE_CODE = YES;
				CLANG_WARN__DUPLICATE_METHOD_MATCH = YES;
				COPY_PHASE_STRIP = NO;
				CURRENT_PROJECT_VERSION = 20;
				DEBUG_INFORMATION_FORMAT = dwarf;
				ENABLE_STRICT_OBJC_MSGSEND = YES;
				ENABLE_TESTABILITY = YES;
				ENABLE_USER_SCRIPT_SANDBOXING = YES;
				GCC_C_LANGUAGE_STANDARD = gnu17;
				GCC_DYNAMIC_NO_PIC = NO;
				GCC_NO_COMMON_BLOCKS = YES;
				GCC_OPTIMIZATION_LEVEL = 0;
				GCC_PREPROCESSOR_DEFINITIONS = (
					"DEBUG=1",
					"$(inherited)",
				);
				GCC_WARN_64_TO_32_BIT_CONVERSION = YES;
				GCC_WARN_ABOUT_RETURN_TYPE = YES_ERROR;
				GCC_WARN_UNDECLARED_SELECTOR = YES;
				GCC_WARN_UNINITIALIZED_AUTOS = YES_AGGRESSIVE;
				GCC_WARN_UNUSED_FUNCTION = YES;
				GCC_WARN_UNUSED_VARIABLE = YES;
				IPHONEOS_DEPLOYMENT_TARGET = 17.0;
				MARKETING_VERSION = 3.0;
				MTL_ENABLE_DEBUG_INFO = INCLUDE_SOURCE;
				MTL_FAST_MATH = YES;
				ONLY_ACTIVE_ARCH = YES;
				SDKROOT = iphoneos;
				SWIFT_ACTIVE_COMPILATION_CONDITIONS = DEBUG;
				SWIFT_OPTIMIZATION_LEVEL = "-Onone";
			};
			name = Debug;
		};
		2C0A00252C0A000000000001 /* Release */ = {
			isa = XCBuildConfiguration;
			buildSettings = {
				ALWAYS_SEARCH_USER_PATHS = NO;
				CLANG_ANALYZER_NONNULL = YES;
				CLANG_ANALYZER_NUMBER_OBJECT_CONVERSION = YES_AGGRESSIVE;
				CLANG_CXX_LANGUAGE_STANDARD = "gnu++20";
				CLANG_ENABLE_MODULES = YES;
				CLANG_ENABLE_OBJC_ARC = YES;
				CLANG_ENABLE_OBJC_WEAK = YES;
				CLANG_WARN_BLOCK_CAPTURE_AUTORELEASING = YES;
				CLANG_WARN_BOOL_CONVERSION = YES;
				CLANG_WARN_COMMA = YES;
				CLANG_WARN_CONSTANT_CONVERSION = YES;
				CLANG_WARN_DEPRECATED_OBJC_IMPLEMENTATIONS = YES;
				CLANG_WARN_DIRECT_OBJC_ISA_USAGE = YES_ERROR;
				CLANG_WARN_DOCUMENTATION_COMMENTS = YES;
				CLANG_WARN_EMPTY_BODY = YES;
				CLANG_WARN_ENUM_CONVERSION = YES;
				CLANG_WARN_INFINITE_RECURSION = YES;
				CLANG_WARN_INT_CONVERSION = YES;
				CLANG_WARN_NON_LITERAL_NULL_CONVERSION = YES;
				CLANG_WARN_OBJC_IMPLICIT_RETAIN_SELF = YES;
				CLANG_WARN_OBJC_LITERAL_CONVERSION = YES;
				CLANG_WARN_OBJC_ROOT_CLASS = YES_ERROR;
				CLANG_WARN_QUOTED_INCLUDE_IN_FRAMEWORK_HEADER = YES;
				CLANG_WARN_RANGE_LOOP_ANALYSIS = YES;
				CLANG_WARN_STRICT_PROTOTYPES = YES;
				CLANG_WARN_SUSPICIOUS_MOVE = YES;
				CLANG_WARN_UNGUARDED_AVAILABILITY = YES_AGGRESSIVE;
				CLANG_WARN_UNREACHABLE_CODE = YES;
				CLANG_WARN__DUPLICATE_METHOD_MATCH = YES;
				COPY_PHASE_STRIP = NO;
				CURRENT_PROJECT_VERSION = 20;
				DEBUG_INFORMATION_FORMAT = "dwarf-with-dsym";
				ENABLE_NS_ASSERTIONS = NO;
				ENABLE_STRICT_OBJC_MSGSEND = YES;
				ENABLE_USER_SCRIPT_SANDBOXING = YES;
				GCC_C_LANGUAGE_STANDARD = gnu17;
				GCC_NO_COMMON_BLOCKS = YES;
				GCC_WARN_64_TO_32_BIT_CONVERSION = YES;
				GCC_WARN_ABOUT_RETURN_TYPE = YES_ERROR;
				GCC_WARN_UNDECLARED_SELECTOR = YES;
				GCC_WARN_UNINITIALIZED_AUTOS = YES_AGGRESSIVE;
				GCC_WARN_UNUSED_FUNCTION = YES;
				GCC_WARN_UNUSED_VARIABLE = YES;
				IPHONEOS_DEPLOYMENT_TARGET = 17.0;
				MARKETING_VERSION = 3.0;
				MTL_ENABLE_DEBUG_INFO = NO;
				MTL_FAST_MATH = YES;
				SDKROOT = iphoneos;
				SWIFT_COMPILATION_MODE = wholemodule;
				VALIDATE_PRODUCT = YES;
			};
			name = Release;
		};
		2C0A00262C0A000000000001 /* Debug */ = {
			isa = XCBuildConfiguration;
			buildSettings = {
				APS_ENVIRONMENT = development;
				ASSETCATALOG_COMPILER_APPICON_NAME = AppIcon;
				ASSETCATALOG_COMPILER_GLOBAL_ACCENT_COLOR_NAME = AccentColor;
				CODE_SIGN_ENTITLEMENTS = FamilyTasks/FamilyTasks.entitlements;
				CODE_SIGN_STYLE = Automatic;
				DEVELOPMENT_ASSET_PATHS = "";
				DEVELOPMENT_TEAM = 2X5AKN2Y8P;
				GENERATE_INFOPLIST_FILE = NO;
				INFOPLIST_FILE = FamilyTasks/Info.plist;
				INFOPLIST_KEY_CFBundleDisplayName = "Family Tasks";
				INFOPLIST_KEY_LSApplicationCategoryType = "public.app-category.productivity";
				IPHONEOS_DEPLOYMENT_TARGET = 17.0;
				LD_RUNPATH_SEARCH_PATHS = (
					"$(inherited)",
					"@executable_path/Frameworks",
				);
				PRODUCT_BUNDLE_IDENTIFIER = com.naveenkeerthy.FamilyTasks;
				PRODUCT_NAME = "$(TARGET_NAME)";
				SUPPORTED_PLATFORMS = "iphoneos iphonesimulator";
				SUPPORTS_MACCATALYST = NO;
				SUPPORTS_MAC_DESIGNED_FOR_IPHONE_IPAD = NO;
				SWIFT_EMIT_LOC_STRINGS = YES;
				SWIFT_VERSION = 6.0;
				TARGETED_DEVICE_FAMILY = 1;
			};
			name = Debug;
		};
		2C0A00272C0A000000000001 /* Release */ = {
			isa = XCBuildConfiguration;
			buildSettings = {
				APS_ENVIRONMENT = production;
				ASSETCATALOG_COMPILER_APPICON_NAME = AppIcon;
				ASSETCATALOG_COMPILER_GLOBAL_ACCENT_COLOR_NAME = AccentColor;
				CODE_SIGN_ENTITLEMENTS = FamilyTasks/FamilyTasks.entitlements;
				CODE_SIGN_STYLE = Automatic;
				DEVELOPMENT_ASSET_PATHS = "";
				DEVELOPMENT_TEAM = 2X5AKN2Y8P;
				GENERATE_INFOPLIST_FILE = NO;
				INFOPLIST_FILE = FamilyTasks/Info.plist;
				INFOPLIST_KEY_CFBundleDisplayName = "Family Tasks";
				INFOPLIST_KEY_LSApplicationCategoryType = "public.app-category.productivity";
				IPHONEOS_DEPLOYMENT_TARGET = 17.0;
				LD_RUNPATH_SEARCH_PATHS = (
					"$(inherited)",
					"@executable_path/Frameworks",
				);
				PRODUCT_BUNDLE_IDENTIFIER = com.naveenkeerthy.FamilyTasks;
				PRODUCT_NAME = "$(TARGET_NAME)";
				SUPPORTED_PLATFORMS = "iphoneos iphonesimulator";
				SUPPORTS_MACCATALYST = NO;
				SUPPORTS_MAC_DESIGNED_FOR_IPHONE_IPAD = NO;
				SWIFT_EMIT_LOC_STRINGS = YES;
				SWIFT_VERSION = 6.0;
				TARGETED_DEVICE_FAMILY = 1;
			};
			name = Release;
		};
		85FFAF0D5E0C34F9F4D18587 /* Debug */ = {
			isa = XCBuildConfiguration;
			buildSettings = {
				BUNDLE_LOADER = "$(TEST_HOST)";
				CLANG_ENABLE_OBJC_WEAK = NO;
				CODE_SIGN_STYLE = Automatic;
				DEVELOPMENT_TEAM = 2X5AKN2Y8P;
				GENERATE_INFOPLIST_FILE = YES;
				IPHONEOS_DEPLOYMENT_TARGET = 17.0;
				PRODUCT_BUNDLE_IDENTIFIER = com.naveenkeerthy.FamilyTasksTests;
				PRODUCT_NAME = "$(TARGET_NAME)";
				SDKROOT = iphoneos;
				SWIFT_VERSION = 6.0;
				TARGETED_DEVICE_FAMILY = 1;
				TEST_HOST = "$(BUILT_PRODUCTS_DIR)/FamilyTasks.app/$(BUNDLE_EXECUTABLE_FOLDER_PATH)/FamilyTasks";
			};
			name = Debug;
		};
		9204CD4D7C6D88D3B0656808 /* Release */ = {
			isa = XCBuildConfiguration;
			buildSettings = {
				BUNDLE_LOADER = "$(TEST_HOST)";
				CLANG_ENABLE_OBJC_WEAK = NO;
				CODE_SIGN_STYLE = Automatic;
				DEVELOPMENT_TEAM = 2X5AKN2Y8P;
				GENERATE_INFOPLIST_FILE = YES;
				IPHONEOS_DEPLOYMENT_TARGET = 17.0;
				PRODUCT_BUNDLE_IDENTIFIER = com.naveenkeerthy.FamilyTasksTests;
				PRODUCT_NAME = "$(TARGET_NAME)";
				SDKROOT = iphoneos;
				SWIFT_VERSION = 6.0;
				TARGETED_DEVICE_FAMILY = 1;
				TEST_HOST = "$(BUILT_PRODUCTS_DIR)/FamilyTasks.app/$(BUNDLE_EXECUTABLE_FOLDER_PATH)/FamilyTasks";
				VALIDATE_PRODUCT = YES;
			};
			name = Release;
		};
		F16C41EB7981EA1EE396BD4B /* Debug */ = {
			isa = XCBuildConfiguration;
			buildSettings = {
				CLANG_ENABLE_OBJC_WEAK = NO;
				CODE_SIGN_ENTITLEMENTS = FamilyTasksWidgets/FamilyTasksWidgets.entitlements;
				CODE_SIGN_STYLE = Automatic;
				DEVELOPMENT_TEAM = 2X5AKN2Y8P;
				GENERATE_INFOPLIST_FILE = YES;
				INFOPLIST_FILE = FamilyTasksWidgets/Info.plist;
				INFOPLIST_KEY_CFBundleDisplayName = "Family Tasks";
				IPHONEOS_DEPLOYMENT_TARGET = 17.0;
				LD_RUNPATH_SEARCH_PATHS = (
					"$(inherited)",
					"@executable_path/Frameworks",
					"@executable_path/../../Frameworks",
				);
				PRODUCT_BUNDLE_IDENTIFIER = com.naveenkeerthy.FamilyTasks.Widgets;
				PRODUCT_NAME = "$(TARGET_NAME)";
				SDKROOT = iphoneos;
				SKIP_INSTALL = YES;
				SUPPORTED_PLATFORMS = "iphoneos iphonesimulator";
				SUPPORTS_MACCATALYST = NO;
				SWIFT_EMIT_LOC_STRINGS = YES;
				SWIFT_VERSION = 6.0;
				TARGETED_DEVICE_FAMILY = 1;
			};
			name = Debug;
		};
/* End XCBuildConfiguration section */

/* Begin XCConfigurationList section */
		2C0A00022C0A000000000001 /* Build configuration list for PBXProject "FamilyTasks" */ = {
			isa = XCConfigurationList;
			buildConfigurations = (
				2C0A00242C0A000000000001 /* Debug */,
				2C0A00252C0A000000000001 /* Release */,
			);
			defaultConfigurationIsVisible = 0;
			defaultConfigurationName = Release;
		};
		2C0A002B2C0A000000000001 /* Build configuration list for PBXNativeTarget "FamilyTasks" */ = {
			isa = XCConfigurationList;
			buildConfigurations = (
				2C0A00262C0A000000000001 /* Debug */,
				2C0A00272C0A000000000001 /* Release */,
			);
			defaultConfigurationIsVisible = 0;
			defaultConfigurationName = Release;
		};
		7BB09F74E38B4CEA745A7EC1 /* Build configuration list for PBXNativeTarget "FamilyTasksTests" */ = {
			isa = XCConfigurationList;
			buildConfigurations = (
				9204CD4D7C6D88D3B0656808 /* Release */,
				85FFAF0D5E0C34F9F4D18587 /* Debug */,
			);
			defaultConfigurationIsVisible = 0;
			defaultConfigurationName = Release;
		};
		CF6C60CF291854DE4DB09080 /* Build configuration list for PBXNativeTarget "FamilyTasksWidgets" */ = {
			isa = XCConfigurationList;
			buildConfigurations = (
				00099655D8FFDAE99305252C /* Release */,
				F16C41EB7981EA1EE396BD4B /* Debug */,
			);
			defaultConfigurationIsVisible = 0;
			defaultConfigurationName = Release;
		};
/* End XCConfigurationList section */
	};
	rootObject = 2C0A00002C0A000000000001 /* Project object */;
}
